// !$*UTF8*$!
{
	archiveVersion = 1;
	classes = {
	};
	objectVersion = 46;
	objects = {

/* Begin PBXBuildFile section */
		DC19BF881B9A52290071D0ED /* AppDelegate.swift in Sources */ = {isa = PBXBuildFile; fileRef = DC19BF871B9A52290071D0ED /* AppDelegate.swift */; };
		DC19BF8A1B9A52290071D0ED /* ViewController.swift in Sources */ = {isa = PBXBuildFile; fileRef = DC19BF891B9A52290071D0ED /* ViewController.swift */; };
		DC19BF8D1B9A52290071D0ED /* Main.storyboard in Resources */ = {isa = PBXBuildFile; fileRef = DC19BF8B1B9A52290071D0ED /* Main.storyboard */; };
		DC19BF8F1B9A52290071D0ED /* Assets.xcassets in Resources */ = {isa = PBXBuildFile; fileRef = DC19BF8E1B9A52290071D0ED /* Assets.xcassets */; };
		DC19BF921B9A52290071D0ED /* LaunchScreen.storyboard in Resources */ = {isa = PBXBuildFile; fileRef = DC19BF901B9A52290071D0ED /* LaunchScreen.storyboard */; };
/* End PBXBuildFile section */

/* Begin PBXFileReference section */
		DC19BF841B9A52290071D0ED /* SO-32277486.app */ = {isa = PBXFileReference; explicitFileType = wrapper.application; includeInIndex = 0; path = "SO-32277486.app"; sourceTree = BUILT_PRODUCTS_DIR; };
		DC19BF871B9A52290071D0ED /* AppDelegate.swift */ = {isa = PBXFileReference; lastKnownFileType = sourcecode.swift; path = AppDelegate.swift; sourceTree = "<group>"; };
		DC19BF891B9A52290071D0ED /* ViewController.swift */ = {isa = PBXFileReference; lastKnownFileType = sourcecode.swift; path = ViewController.swift; sourceTree = "<group>"; };
		DC19BF8C1B9A52290071D0ED /* Base */ = {isa = PBXFileReference; lastKnownFileType = file.storyboard; name = Base; path = Base.lproj/Main.storyboard; sourceTree = "<group>"; };
		DC19BF8E1B9A52290071D0ED /* Assets.xcassets */ = {isa = PBXFileReference; lastKnownFileType = folder.assetcatalog; path = Assets.xcassets; sourceTree = "<group>"; };
		DC19BF911B9A52290071D0ED /* Base */ = {isa = PBXFileReference; lastKnownFileType = file.storyboard; name = Base; path = Base.lproj/LaunchScreen.storyboard; sourceTree = "<group>"; };
		DC19BF931B9A52290071D0ED /* Info.plist */ = {isa = PBXFileReference; lastKnownFileType = text.plist.xml; path = Info.plist; sourceTree = "<group>"; };
/* End PBXFileReference section */

/* Begin PBXFrameworksBuildPhase section */
		DC19BF811B9A52290071D0ED /* Frameworks */ = {
			isa = PBXFrameworksBuildPhase;
			buildActionMask = 2147483647;
			files = (
			);
			runOnlyForDeploymentPostprocessing = 0;
		};
/* End PBXFrameworksBuildPhase section */

/* Begin PBXGroup section */
		DC19BF7B1B9A52290071D0ED = {
			isa = PBXGroup;
			children = (
				DC19BF861B9A52290071D0ED /* SO-32277486 */,
				DC19BF851B9A52290071D0ED /* Products */,
			);
			sourceTree = "<group>";
		};
		DC19BF851B9A52290071D0ED /* Products */ = {
			isa = PBXGroup;
			children = (
				DC19BF841B9A52290071D0ED /* SO-32277486.app */,
			);
			name = Products;
			sourceTree = "<group>";
		};
		DC19BF861B9A52290071D0ED /* SO-32277486 */ = {
			isa = PBXGroup;
			children = (
				DC19BF871B9A52290071D0ED /* AppDelegate.swift */,
				DC19BF891B9A52290071D0ED /* ViewController.swift */,
				DC19BF8B1B9A52290071D0ED /* Main.storyboard */,
				DC19BF8E1B9A52290071D0ED /* Assets.xcassets */,
				DC19BF901B9A52290071D0ED /* LaunchScreen.storyboard */,
				DC19BF931B9A52290071D0ED /* Info.plist */,
			);
			path = "SO-32277486";
			sourceTree = "<group>";
		};
/* End PBXGroup section */

/* Begin PBXNativeTarget section */
		DC19BF831B9A52290071D0ED /* SO-32277486 */ = {
			isa = PBXNativeTarget;
			buildConfigurationList = DC19BF961B9A52290071D0ED /* Build configuration list for PBXNativeTarget "SO-32277486" */;
			buildPhases = (
				DC19BF801B9A52290071D0ED /* Sources */,
				DC19BF811B9A52290071D0ED /* Frameworks */,
				DC19BF821B9A52290071D0ED /* Resources */,
			);
			buildRules = (
			);
			dependencies = (
			);
			name = "SO-32277486";
			productName = "SO-32277486-Swift";
			productReference = DC19BF841B9A52290071D0ED /* SO-32277486.app */;
			productType = "com.apple.product-type.application";
		};
/* End PBXNativeTarget section */

/* Begin PBXProject section */
		DC19BF7C1B9A52290071D0ED /* Project object */ = {
			isa = PBXProject;
			attributes = {
				LastUpgradeCheck = 0820;
				ORGANIZATIONNAME = SwiftArchitect;
				TargetAttributes = {
					DC19BF831B9A52290071D0ED = {
						CreatedOnToolsVersion = 7.0;
						LastSwiftMigration = 0820;
					};
				};
			};
			buildConfigurationList = DC19BF7F1B9A52290071D0ED /* Build configuration list for PBXProject "SO-32277486" */;
			compatibilityVersion = "Xcode 3.2";
			developmentRegion = English;
			hasScannedForEncodings = 0;
			knownRegions = (
				en,
				Base,
			);
			mainGroup = DC19BF7B1B9A52290071D0ED;
			productRefGroup = DC19BF851B9A52290071D0ED /* Products */;
			projectDirPath = "";
			projectRoot = "";
			targets = (
				DC19BF831B9A52290071D0ED /* SO-32277486 */,
			);
		};
/* End PBXProject section */

/* Begin PBXResourcesBuildPhase section */
		DC19BF821B9A52290071D0ED /* Resources */ = {
			isa = PBXResourcesBuildPhase;
			buildActionMask = 2147483647;
			files = (
				DC19BF921B9A52290071D0ED /* LaunchScreen.storyboard in Resources */,
				DC19BF8F1B9A52290071D0ED /* Assets.xcassets in Resources */,
				DC19BF8D1B9A52290071D0ED /* Main.storyboard in Resources */,
			);
			runOnlyForDeploymentPostprocessing = 0;
		};
/* End PBXResourcesBuildPhase section */

/* Begin PBXSourcesBuildPhase section */
		DC19BF801B9A52290071D0ED /* Sources */ = {
			isa = PBXSourcesBuildPhase;
			buildActionMask = 2147483647;
			files = (
				DC19BF8A1B9A52290071D0ED /* ViewController.swift in Sources */,
				DC19BF881B9A52290071D0ED /* AppDelegate.swift in Sources */,
			);
			runOnlyForDeploymentPostprocessing = 0;
		};
/* End PBXSourcesBuildPhase section */

/* Begin PBXVariantGroup section */
		DC19BF8B1B9A52290071D0ED /* Main.storyboard */ = {
			isa = PBXVariantGroup;
			children = (
				DC19BF8C1B9A52290071D0ED /* Base */,
			);
			name = Main.storyboard;
			sourceTree = "<group>";
		};
		DC19BF901B9A52290071D0ED /* LaunchScreen.storyboard */ = {
			isa = PBXVariantGroup;
			children = (
				DC19BF911B9A52290071D0ED /* Base */,
			);
			name = LaunchScreen.storyboard;
			sourceTree = "<group>";
		};
/* End PBXVariantGroup section */

/* Begin XCBuildConfiguration section */
		DC19BF941B9A52290071D0ED /* Debug */ = {
			isa = XCBuildConfiguration;
			buildSettings = {
				ALWAYS_SEARCH_USER_PATHS = NO;
				CLANG_CXX_LANGUAGE_STANDARD = "gnu++0x";
				CLANG_CXX_LIBRARY = "libc++";
				CLANG_ENABLE_MODULES = YES;
				CLANG_ENABLE_OBJC_ARC = YES;
				CLANG_WARN_BOOL_CONVERSION = YES;
				CLANG_WARN_CONSTANT_CONVERSION = YES;
				CLANG_WARN_DIRECT_OBJC_ISA_USAGE = YES_ERROR;
				CLANG_WARN_EMPTY_BODY = YES;
				CLANG_WARN_ENUM_CONVERSION = YES;
				CLANG_WARN_INFINITE_RECURSION = YES;
				CLANG_WARN_INT_CONVERSION = YES;
				CLANG_WARN_OBJC_ROOT_CLASS = YES_ERROR;
				CLANG_WARN_SUSPICIOUS_MOVE = YES;
				CLANG_WARN_UNREACHABLE_CODE = YES;
				CLANG_WARN__DUPLICATE_METHOD_MATCH = YES;
				"CODE_SIGN_IDENTITY[sdk=iphoneos*]" = "iPhone Developer";
				COPY_PHASE_STRIP = NO;
				DEBUG_INFORMATION_FORMAT = dwarf;
				ENABLE_STRICT_OBJC_MSGSEND = YES;
				ENABLE_TESTABILITY = YES;
				GCC_C_LANGUAGE_STANDARD = gnu99;
				GCC_DYNAMIC_NO_PIC = NO;
				GCC_NO_COMMON_BLOCKS = YES;
				GCC_OPTIMIZATION_LEVEL = 0;
				GCC_PREPROCESSOR_DEFINITIONS = (
					"DEBUG=1",
					"$(inherited)",
				);
				GCC_WARN_64_TO_32_BIT_CONVERSION = YES;
				GCC_WARN_ABOUT_RETURN_TYPE = YES_ERROR;
				GCC_WARN_UNDECLARED_SELECTOR = YES;
				GCC_WARN_UNINITIALIZED_AUTOS = YES_AGGRESSIVE;
				GCC_WARN_UNUSED_FUNCTION = YES;
				GCC_WARN_UNUSED_VARIABLE = YES;
				IPHONEOS_DEPLOYMENT_TARGET = 8.0;
				MTL_ENABLE_DEBUG_INFO = YES;
				ONLY_ACTIVE_ARCH = YES;
				SDKROOT = iphoneos;
				SWIFT_OPTIMIZATION_LEVEL = "-Onone";
				TARGETED_DEVICE_FAMILY = "1,2";
			};
			name = Debug;
		};
		DC19BF951B9A52290071D0ED /* Release */ = {
			isa = XCBuildConfiguration;
			buildSettings = {
				ALWAYS_SEARCH_USER_PATHS = NO;
				CLANG_CXX_LANGUAGE_STANDARD = "gnu++0x";
				CLANG_CXX_LIBRARY = "libc++";
				CLANG_ENABLE_MODULES = YES;
				CLANG_ENABLE_OBJC_ARC = YES;
				CLANG_WARN_BOOL_CONVERSION = YES;
				CLANG_WARN_CONSTANT_CONVERSION = YES;
				CLANG_WARN_DIRECT_OBJC_ISA_USAGE = YES_ERROR;
				CLANG_WARN_EMPTY_BODY = YES;
				CLANG_WARN_ENUM_CONVERSION = YES;
				CLANG_WARN_INFINITE_RECURSION = YES;
				CLANG_WARN_INT_CONVERSION = YES;
				CLANG_WARN_OBJC_ROOT_CLASS = YES_ERROR;
				CLANG_WARN_SUSPICIOUS_MOVE = YES;
				CLANG_WARN_UNREACHABLE_CODE = YES;
				CLANG_WARN__DUPLICATE_METHOD_MATCH = YES;
				"CODE_SIGN_IDENTITY[sdk=iphoneos*]" = "iPhone Developer";
				COPY_PHASE_STRIP = NO;
				DEBUG_INFORMATION_FORMAT = "dwarf-with-dsym";
				ENABLE_NS_ASSERTIONS = NO;
				ENABLE_STRICT_OBJC_MSGSEND = YES;
				GCC_C_LANGUAGE_STANDARD = gnu99;
				GCC_NO_COMMON_BLOCKS = YES;
				GCC_WARN_64_TO_32_BIT_CONVERSION = YES;
				GCC_WARN_ABOUT_RETURN_TYPE = YES_ERROR;
				GCC_WARN_UNDECLARED_SELECTOR = YES;
				GCC_WARN_UNINITIALIZED_AUTOS = YES_AGGRESSIVE;
				GCC_WARN_UNUSED_FUNCTION = YES;
				GCC_WARN_UNUSED_VARIABLE = YES;
				IPHONEOS_DEPLOYMENT_TARGET = 8.0;
				MTL_ENABLE_DEBUG_INFO = NO;
				SDKROOT = iphoneos;
				SWIFT_OPTIMIZATION_LEVEL = "-Owholemodule";
				TARGETED_DEVICE_FAMILY = "1,2";
				VALIDATE_PRODUCT = YES;
			};
			name = Release;
		};
		DC19BF971B9A52290071D0ED /* Debug */ = {
			isa = XCBuildConfiguration;
			buildSettings = {
				ASSETCATALOG_COMPILER_APPICON_NAME = AppIcon;
				INFOPLIST_FILE = "$(SRCROOT)/SO-32277486/Info.plist";
				LD_RUNPATH_SEARCH_PATHS = "$(inherited) @executable_path/Frameworks";
				PRODUCT_BUNDLE_IDENTIFIER = "com.swiftarchitect.SO-32277486";
				PRODUCT_NAME = "$(TARGET_NAME)";
				SWIFT_VERSION = 3.0;
			};
			name = Debug;
		};
		DC19BF981B9A52290071D0ED /* Release */ = {
			isa = XCBuildConfiguration;
			buildSettings = {
				ASSETCATALOG_COMPILER_APPICON_NAME = AppIcon;
				INFOPLIST_FILE = "$(SRCROOT)/SO-32277486/Info.plist";
				LD_RUNPATH_SEARCH_PATHS = "$(inherited) @executable_path/Frameworks";
				PRODUCT_BUNDLE_IDENTIFIER = "com.swiftarchitect.SO-32277486";
				PRODUCT_NAME = "$(TARGET_NAME)";
				SWIFT_VERSION = 3.0;
			};
			name = Release;
		};
/* End XCBuildConfiguration section */

/* Begin XCConfigurationList section */
		DC19BF7F1B9A52290071D0ED /* Build configuration list for PBXProject "SO-32277486" */ = {
			isa = XCConfigurationList;
			buildConfigurations = (
				DC19BF941B9A52290071D0ED /* Debug */,
				DC19BF951B9A52290071D0ED /* Release */,
			);
			defaultConfigurationIsVisible = 0;
			defaultConfigurationName = Release;
		};
		DC19BF961B9A52290071D0ED /* Build configuration list for PBXNativeTarget "SO-32277486" */ = {
			isa = XCConfigurationList;
			buildConfigurations = (
				DC19BF971B9A52290071D0ED /* Debug */,
				DC19BF981B9A52290071D0ED /* Release */,
			);
			defaultConfigurationIsVisible = 0;
			defaultConfigurationName = Release;
		};
/* End XCConfigurationList section */
	};
	rootObject = DC19BF7C1B9A52290071D0ED /* Project object */;
}
